
Microsoft Visual Studio Solution File, Format Version 12.00
# Visual Studio 2012
Project("{8BC9CEB8-8B4A-11D0-8D11-00A0C91BC942}") = "shellSort", "shellSort\shellSort.vcxproj", "{B233D3FC-BBFA-4D99-94A1-7FB849ED210D}"
EndProject
Global
	GlobalSection(SolutionConfigurationPlatforms) = preSolution
		Debug|Win32 = Debug|Win32
		Release|Win32 = Release|Win32
	EndGlobalSection
	GlobalSection(ProjectConfigurationPlatforms) = postSolution
		{B233D3FC-BBFA-4D99-94A1-7FB849ED210D}.Debug|Win32.ActiveCfg = Debug|Win32
		{B233D3FC-BBFA-4D99-94A1-7FB849ED210D}.Debug|Win32.Build.0 = Debug|Win32
		{B233D3FC-BBFA-4D99-94A1-7FB849ED210D}.Release|Win32.ActiveCfg = Release|Win32
		{B233D3FC-BBFA-4D99-94A1-7FB849ED210D}.Release|Win32.Build.0 = Release|Win32
	EndGlobalSection
	GlobalSection(SolutionProperties) = preSolution
		HideSolutionNode = FALSE
	EndGlobalSection
EndGlobal
